// !$*UTF8*$!
{
	archiveVersion = 1;
	classes = {
	};
	objectVersion = 56;
	objects = {

/* Begin PBXBuildFile section */
		064E00032A2D240900A1F6F8 /* CurrencyAppTests.swift in Sources */ = {isa = PBXBuildFile; fileRef = 064E00022A2D240900A1F6F8 /* CurrencyAppTests.swift */; };
		064E000D2A2D240900A1F6F8 /* CurrencyAppUITests.swift in Sources */ = {isa = PBXBuildFile; fileRef = 064E000C2A2D240900A1F6F8 /* CurrencyAppUITests.swift */; };
		064E000F2A2D240900A1F6F8 /* CurrencyAppUITestsLaunchTests.swift in Sources */ = {isa = PBXBuildFile; fileRef = 064E000E2A2D240900A1F6F8 /* CurrencyAppUITestsLaunchTests.swift */; };
		064E00272A2D30D200A1F6F8 /* CurrencyConverterVC.swift in Sources */ = {isa = PBXBuildFile; fileRef = 064E00262A2D30D200A1F6F8 /* CurrencyConverterVC.swift */; };
		064E00282A2D30D200A1F6F8 /* CurrencyConverterVC.swift in Sources */ = {isa = PBXBuildFile; fileRef = 064E00262A2D30D200A1F6F8 /* CurrencyConverterVC.swift */; };
		064EFFEC2A2D240800A1F6F8 /* AppDelegate.swift in Sources */ = {isa = PBXBuildFile; fileRef = 064EFFEB2A2D240800A1F6F8 /* AppDelegate.swift */; };
		064EFFEE2A2D240800A1F6F8 /* SceneDelegate.swift in Sources */ = {isa = PBXBuildFile; fileRef = 064EFFED2A2D240800A1F6F8 /* SceneDelegate.swift */; };
		064EFFF32A2D240800A1F6F8 /* Main.storyboard in Resources */ = {isa = PBXBuildFile; fileRef = 064EFFF12A2D240800A1F6F8 /* Main.storyboard */; };
		064EFFF52A2D240900A1F6F8 /* Assets.xcassets in Resources */ = {isa = PBXBuildFile; fileRef = 064EFFF42A2D240900A1F6F8 /* Assets.xcassets */; };
		064EFFF82A2D240900A1F6F8 /* LaunchScreen.storyboard in Resources */ = {isa = PBXBuildFile; fileRef = 064EFFF62A2D240900A1F6F8 /* LaunchScreen.storyboard */; };
		4390DBDD1F7CFDEC0838F998 /* Pods_CurrencyApp_CurrencyAppUITests.framework in Frameworks */ = {isa = PBXBuildFile; fileRef = EDA572DD3E94443ADCD6E7AE /* Pods_CurrencyApp_CurrencyAppUITests.framework */; };
		DF13E4DF540356417DC28AFD /* Pods_CurrencyApp.framework in Frameworks */ = {isa = PBXBuildFile; fileRef = 82804ED786FDF3968C2CE17F /* Pods_CurrencyApp.framework */; };
		F14B417C6AD5ECA582C81E8C /* Pods_CurrencyAppTests.framework in Frameworks */ = {isa = PBXBuildFile; fileRef = 8383EE73E787479334D9A949 /* Pods_CurrencyAppTests.framework */; };
/* End PBXBuildFile section */

/* Begin PBXContainerItemProxy section */
		064E00092A2D240900A1F6F8 /* PBXContainerItemProxy */ = {
			isa = PBXContainerItemProxy;
			containerPortal = 064EFFE02A2D240800A1F6F8 /* Project object */;
			proxyType = 1;
			remoteGlobalIDString = 064EFFE72A2D240800A1F6F8;
			remoteInfo = CurrencyApp;
		};
		064EFFFF2A2D240900A1F6F8 /* PBXContainerItemProxy */ = {
			isa = PBXContainerItemProxy;
			containerPortal = 064EFFE02A2D240800A1F6F8 /* Project object */;
			proxyType = 1;
			remoteGlobalIDString = 064EFFE72A2D240800A1F6F8;
			remoteInfo = CurrencyApp;
		};
/* End PBXContainerItemProxy section */

/* Begin PBXFileReference section */
		064E00022A2D240900A1F6F8 /* CurrencyAppTests.swift */ = {isa = PBXFileReference; lastKnownFileType = sourcecode.swift; path = CurrencyAppTests.swift; sourceTree = "<group>"; };
		064E00082A2D240900A1F6F8 /* CurrencyAppUITests.xctest */ = {isa = PBXFileReference; explicitFileType = wrapper.cfbundle; includeInIndex = 0; path = CurrencyAppUITests.xctest; sourceTree = BUILT_PRODUCTS_DIR; };
		064E000C2A2D240900A1F6F8 /* CurrencyAppUITests.swift */ = {isa = PBXFileReference; lastKnownFileType = sourcecode.swift; path = CurrencyAppUITests.swift; sourceTree = "<group>"; };
		064E000E2A2D240900A1F6F8 /* CurrencyAppUITestsLaunchTests.swift */ = {isa = PBXFileReference; lastKnownFileType = sourcecode.swift; path = CurrencyAppUITestsLaunchTests.swift; sourceTree = "<group>"; };
		064E00262A2D30D200A1F6F8 /* CurrencyConverterVC.swift */ = {isa = PBXFileReference; lastKnownFileType = sourcecode.swift; path = CurrencyConverterVC.swift; sourceTree = "<group>"; };
		064EFFE82A2D240800A1F6F8 /* CurrencyApp.app */ = {isa = PBXFileReference; explicitFileType = wrapper.application; includeInIndex = 0; path = CurrencyApp.app; sourceTree = BUILT_PRODUCTS_DIR; };
		064EFFEB2A2D240800A1F6F8 /* AppDelegate.swift */ = {isa = PBXFileReference; lastKnownFileType = sourcecode.swift; path = AppDelegate.swift; sourceTree = "<group>"; };
		064EFFED2A2D240800A1F6F8 /* SceneDelegate.swift */ = {isa = PBXFileReference; lastKnownFileType = sourcecode.swift; path = SceneDelegate.swift; sourceTree = "<group>"; };
		064EFFF22A2D240800A1F6F8 /* Base */ = {isa = PBXFileReference; lastKnownFileType = file.storyboard; name = Base; path = Base.lproj/Main.storyboard; sourceTree = "<group>"; };
		064EFFF42A2D240900A1F6F8 /* Assets.xcassets */ = {isa = PBXFileReference; lastKnownFileType = folder.assetcatalog; path = Assets.xcassets; sourceTree = "<group>"; };
		064EFFF72A2D240900A1F6F8 /* Base */ = {isa = PBXFileReference; lastKnownFileType = file.storyboard; name = Base; path = Base.lproj/LaunchScreen.storyboard; sourceTree = "<group>"; };
		064EFFF92A2D240900A1F6F8 /* Info.plist */ = {isa = PBXFileReference; lastKnownFileType = text.plist.xml; path = Info.plist; sourceTree = "<group>"; };
		064EFFFE2A2D240900A1F6F8 /* CurrencyAppTests.xctest */ = {isa = PBXFileReference; explicitFileType = wrapper.cfbundle; includeInIndex = 0; path = CurrencyAppTests.xctest; sourceTree = BUILT_PRODUCTS_DIR; };
		231C49F10894C4AFD00DADB8 /* Pods-CurrencyApp-CurrencyAppUITests.release.xcconfig */ = {isa = PBXFileReference; includeInIndex = 1; lastKnownFileType = text.xcconfig; name = "Pods-CurrencyApp-CurrencyAppUITests.release.xcconfig"; path = "Target Support Files/Pods-CurrencyApp-CurrencyAppUITests/Pods-CurrencyApp-CurrencyAppUITests.release.xcconfig"; sourceTree = "<group>"; };
		266CB669F36C0996C3D13B44 /* Pods-CurrencyApp-CurrencyAppUITests.debug.xcconfig */ = {isa = PBXFileReference; includeInIndex = 1; lastKnownFileType = text.xcconfig; name = "Pods-CurrencyApp-CurrencyAppUITests.debug.xcconfig"; path = "Target Support Files/Pods-CurrencyApp-CurrencyAppUITests/Pods-CurrencyApp-CurrencyAppUITests.debug.xcconfig"; sourceTree = "<group>"; };
		74C451CCFAC06E2C6A7BC17D /* Pods-CurrencyAppTests.debug.xcconfig */ = {isa = PBXFileReference; includeInIndex = 1; lastKnownFileType = text.xcconfig; name = "Pods-CurrencyAppTests.debug.xcconfig"; path = "Target Support Files/Pods-CurrencyAppTests/Pods-CurrencyAppTests.debug.xcconfig"; sourceTree = "<group>"; };
		82804ED786FDF3968C2CE17F /* Pods_CurrencyApp.framework */ = {isa = PBXFileReference; explicitFileType = wrapper.framework; includeInIndex = 0; path = Pods_CurrencyApp.framework; sourceTree = BUILT_PRODUCTS_DIR; };
		8383EE73E787479334D9A949 /* Pods_CurrencyAppTests.framework */ = {isa = PBXFileReference; explicitFileType = wrapper.framework; includeInIndex = 0; path = Pods_CurrencyAppTests.framework; sourceTree = BUILT_PRODUCTS_DIR; };
		CDBE5E6B38515CC606918206 /* Pods-CurrencyApp.release.xcconfig */ = {isa = PBXFileReference; includeInIndex = 1; lastKnownFileType = text.xcconfig; name = "Pods-CurrencyApp.release.xcconfig"; path = "Target Support Files/Pods-CurrencyApp/Pods-CurrencyApp.release.xcconfig"; sourceTree = "<group>"; };
		DD250C4E7411CF4E86F0DCCF /* Pods-CurrencyAppTests.release.xcconfig */ = {isa = PBXFileReference; includeInIndex = 1; lastKnownFileType = text.xcconfig; name = "Pods-CurrencyAppTests.release.xcconfig"; path = "Target Support Files/Pods-CurrencyAppTests/Pods-CurrencyAppTests.release.xcconfig"; sourceTree = "<group>"; };
		E7308C261F6A88C4BFAB47B5 /* Pods-CurrencyApp.debug.xcconfig */ = {isa = PBXFileReference; includeInIndex = 1; lastKnownFileType = text.xcconfig; name = "Pods-CurrencyApp.debug.xcconfig"; path = "Target Support Files/Pods-CurrencyApp/Pods-CurrencyApp.debug.xcconfig"; sourceTree = "<group>"; };
		EDA572DD3E94443ADCD6E7AE /* Pods_CurrencyApp_CurrencyAppUITests.framework */ = {isa = PBXFileReference; explicitFileType = wrapper.framework; includeInIndex = 0; path = Pods_CurrencyApp_CurrencyAppUITests.framework; sourceTree = BUILT_PRODUCTS_DIR; };
/* End PBXFileReference section */

/* Begin PBXFrameworksBuildPhase section */
		064E00052A2D240900A1F6F8 /* Frameworks */ = {
			isa = PBXFrameworksBuildPhase;
			buildActionMask = 2147483647;
			files = (
				4390DBDD1F7CFDEC0838F998 /* Pods_CurrencyApp_CurrencyAppUITests.framework in Frameworks */,
			);
			runOnlyForDeploymentPostprocessing = 0;
		};
		064EFFE52A2D240800A1F6F8 /* Frameworks */ = {
			isa = PBXFrameworksBuildPhase;
			buildActionMask = 2147483647;
			files = (
				DF13E4DF540356417DC28AFD /* Pods_CurrencyApp.framework in Frameworks */,
			);
			runOnlyForDeploymentPostprocessing = 0;
		};
		064EFFFB2A2D240900A1F6F8 /* Frameworks */ = {
			isa = PBXFrameworksBuildPhase;
			buildActionMask = 2147483647;
			files = (
				F14B417C6AD5ECA582C81E8C /* Pods_CurrencyAppTests.framework in Frameworks */,
			);
			runOnlyForDeploymentPostprocessing = 0;
		};
/* End PBXFrameworksBuildPhase section */

/* Begin PBXGroup section */
		064E00012A2D240900A1F6F8 /* CurrencyAppTests */ = {
			isa = PBXGroup;
			children = (
				064E00022A2D240900A1F6F8 /* CurrencyAppTests.swift */,
			);
			path = CurrencyAppTests;
			sourceTree = "<group>";
		};
		064E000B2A2D240900A1F6F8 /* CurrencyAppUITests */ = {
			isa = PBXGroup;
			children = (
				064E000C2A2D240900A1F6F8 /* CurrencyAppUITests.swift */,
				064E000E2A2D240900A1F6F8 /* CurrencyAppUITestsLaunchTests.swift */,
			);
			path = CurrencyAppUITests;
			sourceTree = "<group>";
		};
		064E001B2A2D25AF00A1F6F8 /* Model */ = {
			isa = PBXGroup;
			children = (
			);
			path = Model;
			sourceTree = "<group>";
		};
		064E001C2A2D25B800A1F6F8 /* ViewModel */ = {
			isa = PBXGroup;
			children = (
			);
			path = ViewModel;
			sourceTree = "<group>";
		};
		064E001F2A2D263900A1F6F8 /* ViewControllers */ = {
			isa = PBXGroup;
			children = (
				064E00212A2D302F00A1F6F8 /* ConverterModule */,
				064E00222A2D303D00A1F6F8 /* HistoricallModule */,
			);
			path = ViewControllers;
			sourceTree = "<group>";
		};
		064E00202A2D264900A1F6F8 /* Storyboards */ = {
			isa = PBXGroup;
			children = (
				064EFFF12A2D240800A1F6F8 /* Main.storyboard */,
				064EFFF62A2D240900A1F6F8 /* LaunchScreen.storyboard */,
			);
			path = Storyboards;
			sourceTree = "<group>";
		};
		064E00212A2D302F00A1F6F8 /* ConverterModule */ = {
			isa = PBXGroup;
			children = (
				064E00262A2D30D200A1F6F8 /* CurrencyConverterVC.swift */,
			);
			path = ConverterModule;
			sourceTree = "<group>";
		};
		064E00222A2D303D00A1F6F8 /* HistoricallModule */ = {
			isa = PBXGroup;
			children = (
			);
			path = HistoricallModule;
			sourceTree = "<group>";
		};
		064EFFDF2A2D240800A1F6F8 = {
			isa = PBXGroup;
			children = (
				064EFFEA2A2D240800A1F6F8 /* CurrencyApp */,
				064E00012A2D240900A1F6F8 /* CurrencyAppTests */,
				064E000B2A2D240900A1F6F8 /* CurrencyAppUITests */,
				064EFFE92A2D240800A1F6F8 /* Products */,
				17A668D4D573280AE1C81A64 /* Pods */,
				8C0DB1889621A5D2F4AA5B72 /* Frameworks */,
			);
			sourceTree = "<group>";
		};
		064EFFE92A2D240800A1F6F8 /* Products */ = {
			isa = PBXGroup;
			children = (
				064EFFE82A2D240800A1F6F8 /* CurrencyApp.app */,
				064EFFFE2A2D240900A1F6F8 /* CurrencyAppTests.xctest */,
				064E00082A2D240900A1F6F8 /* CurrencyAppUITests.xctest */,
			);
			name = Products;
			sourceTree = "<group>";
		};
		064EFFEA2A2D240800A1F6F8 /* CurrencyApp */ = {
			isa = PBXGroup;
			children = (
				064E001B2A2D25AF00A1F6F8 /* Model */,
				064E001C2A2D25B800A1F6F8 /* ViewModel */,
				064E001F2A2D263900A1F6F8 /* ViewControllers */,
				064E00202A2D264900A1F6F8 /* Storyboards */,
				064EFFEB2A2D240800A1F6F8 /* AppDelegate.swift */,
				064EFFED2A2D240800A1F6F8 /* SceneDelegate.swift */,
				064EFFF42A2D240900A1F6F8 /* Assets.xcassets */,
				064EFFF92A2D240900A1F6F8 /* Info.plist */,
			);
			path = CurrencyApp;
			sourceTree = "<group>";
		};
		17A668D4D573280AE1C81A64 /* Pods */ = {
			isa = PBXGroup;
			children = (
				E7308C261F6A88C4BFAB47B5 /* Pods-CurrencyApp.debug.xcconfig */,
				CDBE5E6B38515CC606918206 /* Pods-CurrencyApp.release.xcconfig */,
				266CB669F36C0996C3D13B44 /* Pods-CurrencyApp-CurrencyAppUITests.debug.xcconfig */,
				231C49F10894C4AFD00DADB8 /* Pods-CurrencyApp-CurrencyAppUITests.release.xcconfig */,
				74C451CCFAC06E2C6A7BC17D /* Pods-CurrencyAppTests.debug.xcconfig */,
				DD250C4E7411CF4E86F0DCCF /* Pods-CurrencyAppTests.release.xcconfig */,
			);
			path = Pods;
			sourceTree = "<group>";
		};
		8C0DB1889621A5D2F4AA5B72 /* Frameworks */ = {
			isa = PBXGroup;
			children = (
				82804ED786FDF3968C2CE17F /* Pods_CurrencyApp.framework */,
				EDA572DD3E94443ADCD6E7AE /* Pods_CurrencyApp_CurrencyAppUITests.framework */,
				8383EE73E787479334D9A949 /* Pods_CurrencyAppTests.framework */,
			);
			name = Frameworks;
			sourceTree = "<group>";
		};
/* End PBXGroup section */

/* Begin PBXNativeTarget section */
		064E00072A2D240900A1F6F8 /* CurrencyAppUITests */ = {
			isa = PBXNativeTarget;
			buildConfigurationList = 064E00182A2D240900A1F6F8 /* Build configuration list for PBXNativeTarget "CurrencyAppUITests" */;
			buildPhases = (
				3811F3A7AE2E0EC4DEC3A7AD /* [CP] Check Pods Manifest.lock */,
				064E00042A2D240900A1F6F8 /* Sources */,
				064E00052A2D240900A1F6F8 /* Frameworks */,
				064E00062A2D240900A1F6F8 /* Resources */,
				A87A76B1266E4FA9EC97C27F /* [CP] Embed Pods Frameworks */,
			);
			buildRules = (
			);
			dependencies = (
				064E000A2A2D240900A1F6F8 /* PBXTargetDependency */,
			);
			name = CurrencyAppUITests;
			productName = CurrencyAppUITests;
			productReference = 064E00082A2D240900A1F6F8 /* CurrencyAppUITests.xctest */;
			productType = "com.apple.product-type.bundle.ui-testing";
		};
		064EFFE72A2D240800A1F6F8 /* CurrencyApp */ = {
			isa = PBXNativeTarget;
			buildConfigurationList = 064E00122A2D240900A1F6F8 /* Build configuration list for PBXNativeTarget "CurrencyApp" */;
			buildPhases = (
				9B62F259C29FF1115200F4A3 /* [CP] Check Pods Manifest.lock */,
				064EFFE42A2D240800A1F6F8 /* Sources */,
				064EFFE52A2D240800A1F6F8 /* Frameworks */,
				064EFFE62A2D240800A1F6F8 /* Resources */,
				29097B76F1A0D92B9748CEAA /* [CP] Embed Pods Frameworks */,
			);
			buildRules = (
			);
			dependencies = (
			);
			name = CurrencyApp;
			productName = CurrencyApp;
			productReference = 064EFFE82A2D240800A1F6F8 /* CurrencyApp.app */;
			productType = "com.apple.product-type.application";
		};
		064EFFFD2A2D240900A1F6F8 /* CurrencyAppTests */ = {
			isa = PBXNativeTarget;
			buildConfigurationList = 064E00152A2D240900A1F6F8 /* Build configuration list for PBXNativeTarget "CurrencyAppTests" */;
			buildPhases = (
				C147841F6F26B47B792611DC /* [CP] Check Pods Manifest.lock */,
				064EFFFA2A2D240900A1F6F8 /* Sources */,
				064EFFFB2A2D240900A1F6F8 /* Frameworks */,
				064EFFFC2A2D240900A1F6F8 /* Resources */,
			);
			buildRules = (
			);
			dependencies = (
				064E00002A2D240900A1F6F8 /* PBXTargetDependency */,
			);
			name = CurrencyAppTests;
			productName = CurrencyAppTests;
			productReference = 064EFFFE2A2D240900A1F6F8 /* CurrencyAppTests.xctest */;
			productType = "com.apple.product-type.bundle.unit-test";
		};
/* End PBXNativeTarget section */

/* Begin PBXProject section */
		064EFFE02A2D240800A1F6F8 /* Project object */ = {
			isa = PBXProject;
			attributes = {
				BuildIndependentTargetsInParallel = 1;
				LastSwiftUpdateCheck = 1420;
				LastUpgradeCheck = 1420;
				TargetAttributes = {
					064E00072A2D240900A1F6F8 = {
						CreatedOnToolsVersion = 14.2;
						TestTargetID = 064EFFE72A2D240800A1F6F8;
					};
					064EFFE72A2D240800A1F6F8 = {
						CreatedOnToolsVersion = 14.2;
					};
					064EFFFD2A2D240900A1F6F8 = {
						CreatedOnToolsVersion = 14.2;
						TestTargetID = 064EFFE72A2D240800A1F6F8;
					};
				};
			};
			buildConfigurationList = 064EFFE32A2D240800A1F6F8 /* Build configuration list for PBXProject "CurrencyApp" */;
			compatibilityVersion = "Xcode 14.0";
			developmentRegion = en;
			hasScannedForEncodings = 0;
			knownRegions = (
				en,
				Base,
			);
			mainGroup = 064EFFDF2A2D240800A1F6F8;
			productRefGroup = 064EFFE92A2D240800A1F6F8 /* Products */;
			projectDirPath = "";
			projectRoot = "";
			targets = (
				064EFFE72A2D240800A1F6F8 /* CurrencyApp */,
				064EFFFD2A2D240900A1F6F8 /* CurrencyAppTests */,
				064E00072A2D240900A1F6F8 /* CurrencyAppUITests */,
			);
		};
/* End PBXProject section */

/* Begin PBXResourcesBuildPhase section */
		064E00062A2D240900A1F6F8 /* Resources */ = {
			isa = PBXResourcesBuildPhase;
			buildActionMask = 2147483647;
			files = (
			);
			runOnlyForDeploymentPostprocessing = 0;
		};
		064EFFE62A2D240800A1F6F8 /* Resources */ = {
			isa = PBXResourcesBuildPhase;
			buildActionMask = 2147483647;
			files = (
				064EFFF82A2D240900A1F6F8 /* LaunchScreen.storyboard in Resources */,
				064EFFF52A2D240900A1F6F8 /* Assets.xcassets in Resources */,
				064EFFF32A2D240800A1F6F8 /* Main.storyboard in Resources */,
			);
			runOnlyForDeploymentPostprocessing = 0;
		};
		064EFFFC2A2D240900A1F6F8 /* Resources */ = {
			isa = PBXResourcesBuildPhase;
			buildActionMask = 2147483647;
			files = (
			);
			runOnlyForDeploymentPostprocessing = 0;
		};
/* End PBXResourcesBuildPhase section */

/* Begin PBXShellScriptBuildPhase section */
		29097B76F1A0D92B9748CEAA /* [CP] Embed Pods Frameworks */ = {
			isa = PBXShellScriptBuildPhase;
			buildActionMask = 2147483647;
			files = (
			);
			inputFileListPaths = (
				"${PODS_ROOT}/Target Support Files/Pods-CurrencyApp/Pods-CurrencyApp-frameworks-${CONFIGURATION}-input-files.xcfilelist",
			);
			name = "[CP] Embed Pods Frameworks";
			outputFileListPaths = (
				"${PODS_ROOT}/Target Support Files/Pods-CurrencyApp/Pods-CurrencyApp-frameworks-${CONFIGURATION}-output-files.xcfilelist",
			);
			runOnlyForDeploymentPostprocessing = 0;
			shellPath = /bin/sh;
			shellScript = "\"${PODS_ROOT}/Target Support Files/Pods-CurrencyApp/Pods-CurrencyApp-frameworks.sh\"\n";
			showEnvVarsInLog = 0;
		};
		3811F3A7AE2E0EC4DEC3A7AD /* [CP] Check Pods Manifest.lock */ = {
			isa = PBXShellScriptBuildPhase;
			buildActionMask = 2147483647;
			files = (
			);
			inputFileListPaths = (
			);
			inputPaths = (
				"${PODS_PODFILE_DIR_PATH}/Podfile.lock",
				"${PODS_ROOT}/Manifest.lock",
			);
			name = "[CP] Check Pods Manifest.lock";
			outputFileListPaths = (
			);
			outputPaths = (
				"$(DERIVED_FILE_DIR)/Pods-CurrencyApp-CurrencyAppUITests-checkManifestLockResult.txt",
			);
			runOnlyForDeploymentPostprocessing = 0;
			shellPath = /bin/sh;
			shellScript = "diff \"${PODS_PODFILE_DIR_PATH}/Podfile.lock\" \"${PODS_ROOT}/Manifest.lock\" > /dev/null\nif [ $? != 0 ] ; then\n    # print error to STDERR\n    echo \"error: The sandbox is not in sync with the Podfile.lock. Run 'pod install' or update your CocoaPods installation.\" >&2\n    exit 1\nfi\n# This output is used by Xcode 'outputs' to avoid re-running this script phase.\necho \"SUCCESS\" > \"${SCRIPT_OUTPUT_FILE_0}\"\n";
			showEnvVarsInLog = 0;
		};
		9B62F259C29FF1115200F4A3 /* [CP] Check Pods Manifest.lock */ = {
			isa = PBXShellScriptBuildPhase;
			buildActionMask = 2147483647;
			files = (
			);
			inputFileListPaths = (
			);
			inputPaths = (
				"${PODS_PODFILE_DIR_PATH}/Podfile.lock",
				"${PODS_ROOT}/Manifest.lock",
			);
			name = "[CP] Check Pods Manifest.lock";
			outputFileListPaths = (
			);
			outputPaths = (
				"$(DERIVED_FILE_DIR)/Pods-CurrencyApp-checkManifestLockResult.txt",
			);
			runOnlyForDeploymentPostprocessing = 0;
			shellPath = /bin/sh;
			shellScript = "diff \"${PODS_PODFILE_DIR_PATH}/Podfile.lock\" \"${PODS_ROOT}/Manifest.lock\" > /dev/null\nif [ $? != 0 ] ; then\n    # print error to STDERR\n    echo \"error: The sandbox is not in sync with the Podfile.lock. Run 'pod install' or update your CocoaPods installation.\" >&2\n    exit 1\nfi\n# This output is used by Xcode 'outputs' to avoid re-running this script phase.\necho \"SUCCESS\" > \"${SCRIPT_OUTPUT_FILE_0}\"\n";
			showEnvVarsInLog = 0;
		};
		A87A76B1266E4FA9EC97C27F /* [CP] Embed Pods Frameworks */ = {
			isa = PBXShellScriptBuildPhase;
			buildActionMask = 2147483647;
			files = (
			);
			inputFileListPaths = (
				"${PODS_ROOT}/Target Support Files/Pods-CurrencyApp-CurrencyAppUITests/Pods-CurrencyApp-CurrencyAppUITests-frameworks-${CONFIGURATION}-input-files.xcfilelist",
			);
			name = "[CP] Embed Pods Frameworks";
			outputFileListPaths = (
				"${PODS_ROOT}/Target Support Files/Pods-CurrencyApp-CurrencyAppUITests/Pods-CurrencyApp-CurrencyAppUITests-frameworks-${CONFIGURATION}-output-files.xcfilelist",
			);
			runOnlyForDeploymentPostprocessing = 0;
			shellPath = /bin/sh;
			shellScript = "\"${PODS_ROOT}/Target Support Files/Pods-CurrencyApp-CurrencyAppUITests/Pods-CurrencyApp-CurrencyAppUITests-frameworks.sh\"\n";
			showEnvVarsInLog = 0;
		};
		C147841F6F26B47B792611DC /* [CP] Check Pods Manifest.lock */ = {
			isa = PBXShellScriptBuildPhase;
			buildActionMask = 2147483647;
			files = (
			);
			inputFileListPaths = (
			);
			inputPaths = (
				"${PODS_PODFILE_DIR_PATH}/Podfile.lock",
				"${PODS_ROOT}/Manifest.lock",
			);
			name = "[CP] Check Pods Manifest.lock";
			outputFileListPaths = (
			);
			outputPaths = (
				"$(DERIVED_FILE_DIR)/Pods-CurrencyAppTests-checkManifestLockResult.txt",
			);
			runOnlyForDeploymentPostprocessing = 0;
			shellPath = /bin/sh;
			shellScript = "diff \"${PODS_PODFILE_DIR_PATH}/Podfile.lock\" \"${PODS_ROOT}/Manifest.lock\" > /dev/null\nif [ $? != 0 ] ; then\n    # print error to STDERR\n    echo \"error: The sandbox is not in sync with the Podfile.lock. Run 'pod install' or update your CocoaPods installation.\" >&2\n    exit 1\nfi\n# This output is used by Xcode 'outputs' to avoid re-running this script phase.\necho \"SUCCESS\" > \"${SCRIPT_OUTPUT_FILE_0}\"\n";
			showEnvVarsInLog = 0;
		};
/* End PBXShellScriptBuildPhase section */

/* Begin PBXSourcesBuildPhase section */
		064E00042A2D240900A1F6F8 /* Sources */ = {
			isa = PBXSourcesBuildPhase;
			buildActionMask = 2147483647;
			files = (
				064E000D2A2D240900A1F6F8 /* CurrencyAppUITests.swift in Sources */,
				064E000F2A2D240900A1F6F8 /* CurrencyAppUITestsLaunchTests.swift in Sources */,
			);
			runOnlyForDeploymentPostprocessing = 0;
		};
		064EFFE42A2D240800A1F6F8 /* Sources */ = {
			isa = PBXSourcesBuildPhase;
			buildActionMask = 2147483647;
			files = (
				064E00272A2D30D200A1F6F8 /* CurrencyConverterVC.swift in Sources */,
				064EFFEC2A2D240800A1F6F8 /* AppDelegate.swift in Sources */,
				064EFFEE2A2D240800A1F6F8 /* SceneDelegate.swift in Sources */,
			);
			runOnlyForDeploymentPostprocessing = 0;
		};
		064EFFFA2A2D240900A1F6F8 /* Sources */ = {
			isa = PBXSourcesBuildPhase;
			buildActionMask = 2147483647;
			files = (
				064E00282A2D30D200A1F6F8 /* CurrencyConverterVC.swift in Sources */,
				064E00032A2D240900A1F6F8 /* CurrencyAppTests.swift in Sources */,
			);
			runOnlyForDeploymentPostprocessing = 0;
		};
/* End PBXSourcesBuildPhase section */

/* Begin PBXTargetDependency section */
		064E00002A2D240900A1F6F8 /* PBXTargetDependency */ = {
			isa = PBXTargetDependency;
			target = 064EFFE72A2D240800A1F6F8 /* CurrencyApp */;
			targetProxy = 064EFFFF2A2D240900A1F6F8 /* PBXContainerItemProxy */;
		};
		064E000A2A2D240900A1F6F8 /* PBXTargetDependency */ = {
			isa = PBXTargetDependency;
			target = 064EFFE72A2D240800A1F6F8 /* CurrencyApp */;
			targetProxy = 064E00092A2D240900A1F6F8 /* PBXContainerItemProxy */;
		};
/* End PBXTargetDependency section */

/* Begin PBXVariantGroup section */
		064EFFF12A2D240800A1F6F8 /* Main.storyboard */ = {
			isa = PBXVariantGroup;
			children = (
				064EFFF22A2D240800A1F6F8 /* Base */,
			);
			name = Main.storyboard;
			sourceTree = "<group>";
		};
		064EFFF62A2D240900A1F6F8 /* LaunchScreen.storyboard */ = {
			isa = PBXVariantGroup;
			children = (
				064EFFF72A2D240900A1F6F8 /* Base */,
			);
			name = LaunchScreen.storyboard;
			sourceTree = "<group>";
		};
/* End PBXVariantGroup section */

/* Begin XCBuildConfiguration section */
		064E00102A2D240900A1F6F8 /* Debug */ = {
			isa = XCBuildConfiguration;
			buildSettings = {
				ALWAYS_SEARCH_USER_PATHS = NO;
				CLANG_ANALYZER_NONNULL = YES;
				CLANG_ANALYZER_NUMBER_OBJECT_CONVERSION = YES_AGGRESSIVE;
				CLANG_CXX_LANGUAGE_STANDARD = "gnu++20";
				CLANG_ENABLE_MODULES = YES;
				CLANG_ENABLE_OBJC_ARC = YES;
				CLANG_ENABLE_OBJC_WEAK = YES;
				CLANG_WARN_BLOCK_CAPTURE_AUTORELEASING = YES;
				CLANG_WARN_BOOL_CONVERSION = YES;
				CLANG_WARN_COMMA = YES;
				CLANG_WARN_CONSTANT_CONVERSION = YES;
				CLANG_WARN_DEPRECATED_OBJC_IMPLEMENTATIONS = YES;
				CLANG_WARN_DIRECT_OBJC_ISA_USAGE = YES_ERROR;
				CLANG_WARN_DOCUMENTATION_COMMENTS = YES;
				CLANG_WARN_EMPTY_BODY = YES;
				CLANG_WARN_ENUM_CONVERSION = YES;
				CLANG_WARN_INFINITE_RECURSION = YES;
				CLANG_WARN_INT_CONVERSION = YES;
				CLANG_WARN_NON_LITERAL_NULL_CONVERSION = YES;
				CLANG_WARN_OBJC_IMPLICIT_RETAIN_SELF = YES;
				CLANG_WARN_OBJC_LITERAL_CONVERSION = YES;
				CLANG_WARN_OBJC_ROOT_CLASS = YES_ERROR;
				CLANG_WARN_QUOTED_INCLUDE_IN_FRAMEWORK_HEADER = YES;
				CLANG_WARN_RANGE_LOOP_ANALYSIS = YES;
				CLANG_WARN_STRICT_PROTOTYPES = YES;
				CLANG_WARN_SUSPICIOUS_MOVE = YES;
				CLANG_WARN_UNGUARDED_AVAILABILITY = YES_AGGRESSIVE;
				CLANG_WARN_UNREACHABLE_CODE = YES;
				CLANG_WARN__DUPLICATE_METHOD_MATCH = YES;
				COPY_PHASE_STRIP = NO;
				DEBUG_INFORMATION_FORMAT = dwarf;
				ENABLE_STRICT_OBJC_MSGSEND = YES;
				ENABLE_TESTABILITY = YES;
				GCC_C_LANGUAGE_STANDARD = gnu11;
				GCC_DYNAMIC_NO_PIC = NO;
				GCC_NO_COMMON_BLOCKS = YES;
				GCC_OPTIMIZATION_LEVEL = 0;
				GCC_PREPROCESSOR_DEFINITIONS = (
					"DEBUG=1",
					"$(inherited)",
				);
				GCC_WARN_64_TO_32_BIT_CONVERSION = YES;
				GCC_WARN_ABOUT_RETURN_TYPE = YES_ERROR;
				GCC_WARN_UNDECLARED_SELECTOR = YES;
				GCC_WARN_UNINITIALIZED_AUTOS = YES_AGGRESSIVE;
				GCC_WARN_UNUSED_FUNCTION = YES;
				GCC_WARN_UNUSED_VARIABLE = YES;
				IPHONEOS_DEPLOYMENT_TARGET = 16.2;
				MTL_ENABLE_DEBUG_INFO = INCLUDE_SOURCE;
				MTL_FAST_MATH = YES;
				ONLY_ACTIVE_ARCH = YES;
				SDKROOT = iphoneos;
				SWIFT_ACTIVE_COMPILATION_CONDITIONS = DEBUG;
				SWIFT_OPTIMIZATION_LEVEL = "-Onone";
			};
			name = Debug;
		};
		064E00112A2D240900A1F6F8 /* Release */ = {
			isa = XCBuildConfiguration;
			buildSettings = {
				ALWAYS_SEARCH_USER_PATHS = NO;
				CLANG_ANALYZER_NONNULL = YES;
				CLANG_ANALYZER_NUMBER_OBJECT_CONVERSION = YES_AGGRESSIVE;
				CLANG_CXX_LANGUAGE_STANDARD = "gnu++20";
				CLANG_ENABLE_MODULES = YES;
				CLANG_ENABLE_OBJC_ARC = YES;
				CLANG_ENABLE_OBJC_WEAK = YES;
				CLANG_WARN_BLOCK_CAPTURE_AUTORELEASING = YES;
				CLANG_WARN_BOOL_CONVERSION = YES;
				CLANG_WARN_COMMA = YES;
				CLANG_WARN_CONSTANT_CONVERSION = YES;
				CLANG_WARN_DEPRECATED_OBJC_IMPLEMENTATIONS = YES;
				CLANG_WARN_DIRECT_OBJC_ISA_USAGE = YES_ERROR;
				CLANG_WARN_DOCUMENTATION_COMMENTS = YES;
				CLANG_WARN_EMPTY_BODY = YES;
				CLANG_WARN_ENUM_CONVERSION = YES;
				CLANG_WARN_INFINITE_RECURSION = YES;
				CLANG_WARN_INT_CONVERSION = YES;
				CLANG_WARN_NON_LITERAL_NULL_CONVERSION = YES;
				CLANG_WARN_OBJC_IMPLICIT_RETAIN_SELF = YES;
				CLANG_WARN_OBJC_LITERAL_CONVERSION = YES;
				CLANG_WARN_OBJC_ROOT_CLASS = YES_ERROR;
				CLANG_WARN_QUOTED_INCLUDE_IN_FRAMEWORK_HEADER = YES;
				CLANG_WARN_RANGE_LOOP_ANALYSIS = YES;
				CLANG_WARN_STRICT_PROTOTYPES = YES;
				CLANG_WARN_SUSPICIOUS_MOVE = YES;
				CLANG_WARN_UNGUARDED_AVAILABILITY = YES_AGGRESSIVE;
				CLANG_WARN_UNREACHABLE_CODE = YES;
				CLANG_WARN__DUPLICATE_METHOD_MATCH = YES;
				COPY_PHASE_STRIP = NO;
				DEBUG_INFORMATION_FORMAT = "dwarf-with-dsym";
				ENABLE_NS_ASSERTIONS = NO;
				ENABLE_STRICT_OBJC_MSGSEND = YES;
				GCC_C_LANGUAGE_STANDARD = gnu11;
				GCC_NO_COMMON_BLOCKS = YES;
				GCC_WARN_64_TO_32_BIT_CONVERSION = YES;
				GCC_WARN_ABOUT_RETURN_TYPE = YES_ERROR;
				GCC_WARN_UNDECLARED_SELECTOR = YES;
				GCC_WARN_UNINITIALIZED_AUTOS = YES_AGGRESSIVE;
				GCC_WARN_UNUSED_FUNCTION = YES;
				GCC_WARN_UNUSED_VARIABLE = YES;
				IPHONEOS_DEPLOYMENT_TARGET = 16.2;
				MTL_ENABLE_DEBUG_INFO = NO;
				MTL_FAST_MATH = YES;
				SDKROOT = iphoneos;
				SWIFT_COMPILATION_MODE = wholemodule;
				SWIFT_OPTIMIZATION_LEVEL = "-O";
				VALIDATE_PRODUCT = YES;
			};
			name = Release;
		};
		064E00132A2D240900A1F6F8 /* Debug */ = {
			isa = XCBuildConfiguration;
			baseConfigurationReference = E7308C261F6A88C4BFAB47B5 /* Pods-CurrencyApp.debug.xcconfig */;
			buildSettings = {
				ASSETCATALOG_COMPILER_APPICON_NAME = AppIcon;
				ASSETCATALOG_COMPILER_GLOBAL_ACCENT_COLOR_NAME = AccentColor;
				CODE_SIGN_STYLE = Automatic;
				CURRENT_PROJECT_VERSION = 1;
				DEVELOPMENT_TEAM = 3SALJU9F34;
				GENERATE_INFOPLIST_FILE = YES;
				INFOPLIST_FILE = CurrencyApp/Info.plist;
				INFOPLIST_KEY_UIApplicationSupportsIndirectInputEvents = YES;
				INFOPLIST_KEY_UILaunchStoryboardName = LaunchScreen;
				INFOPLIST_KEY_UIMainStoryboardFile = Main;
				INFOPLIST_KEY_UISupportedInterfaceOrientations_iPad = "UIInterfaceOrientationPortrait UIInterfaceOrientationPortraitUpsideDown UIInterfaceOrientationLandscapeLeft UIInterfaceOrientationLandscapeRight";
				INFOPLIST_KEY_UISupportedInterfaceOrientations_iPhone = "UIInterfaceOrientationPortrait UIInterfaceOrientationLandscapeLeft UIInterfaceOrientationLandscapeRight";
				IPHONEOS_DEPLOYMENT_TARGET = 15.6;
				LD_RUNPATH_SEARCH_PATHS = (
					"$(inherited)",
					"@executable_path/Frameworks",
				);
				MARKETING_VERSION = 1.0;
				PRODUCT_BUNDLE_IDENTIFIER = testPods.CurrencyApp;
				PRODUCT_NAME = "$(TARGET_NAME)";
				SWIFT_EMIT_LOC_STRINGS = YES;
				SWIFT_VERSION = 5.0;
				TARGETED_DEVICE_FAMILY = "1,2";
			};
			name = Debug;
		};
		064E00142A2D240900A1F6F8 /* Release */ = {
			isa = XCBuildConfiguration;
			baseConfigurationReference = CDBE5E6B38515CC606918206 /* Pods-CurrencyApp.release.xcconfig */;
			buildSettings = {
				ASSETCATALOG_COMPILER_APPICON_NAME = AppIcon;
				ASSETCATALOG_COMPILER_GLOBAL_ACCENT_COLOR_NAME = AccentColor;
				CODE_SIGN_STYLE = Automatic;
				CURRENT_PROJECT_VERSION = 1;
				DEVELOPMENT_TEAM = 3SALJU9F34;
				GENERATE_INFOPLIST_FILE = YES;
				INFOPLIST_FILE = CurrencyApp/Info.plist;
				INFOPLIST_KEY_UIApplicationSupportsIndirectInputEvents = YES;
				INFOPLIST_KEY_UILaunchStoryboardName = LaunchScreen;
				INFOPLIST_KEY_UIMainStoryboardFile = Main;
				INFOPLIST_KEY_UISupportedInterfaceOrientations_iPad = "UIInterfaceOrientationPortrait UIInterfaceOrientationPortraitUpsideDown UIInterfaceOrientationLandscapeLeft UIInterfaceOrientationLandscapeRight";
				INFOPLIST_KEY_UISupportedInterfaceOrientations_iPhone = "UIInterfaceOrientationPortrait UIInterfaceOrientationLandscapeLeft UIInterfaceOrientationLandscapeRight";
				IPHONEOS_DEPLOYMENT_TARGET = 15.6;
				LD_RUNPATH_SEARCH_PATHS = (
					"$(inherited)",
					"@executable_path/Frameworks",
				);
				MARKETING_VERSION = 1.0;
				PRODUCT_BUNDLE_IDENTIFIER = testPods.CurrencyApp;
				PRODUCT_NAME = "$(TARGET_NAME)";
				SWIFT_EMIT_LOC_STRINGS = YES;
				SWIFT_VERSION = 5.0;
				TARGETED_DEVICE_FAMILY = "1,2";
			};
			name = Release;
		};
		064E00162A2D240900A1F6F8 /* Debug */ = {
			isa = XCBuildConfiguration;
			baseConfigurationReference = 74C451CCFAC06E2C6A7BC17D /* Pods-CurrencyAppTests.debug.xcconfig */;
			buildSettings = {
				ALWAYS_EMBED_SWIFT_STANDARD_LIBRARIES = YES;
				BUNDLE_LOADER = "$(TEST_HOST)";
				CODE_SIGN_STYLE = Automatic;
				CURRENT_PROJECT_VERSION = 1;
				DEVELOPMENT_TEAM = 3SALJU9F34;
				GENERATE_INFOPLIST_FILE = YES;
				IPHONEOS_DEPLOYMENT_TARGET = 16.2;
				MARKETING_VERSION = 1.0;
				PRODUCT_BUNDLE_IDENTIFIER = testPods.CurrencyAppTests;
				PRODUCT_NAME = "$(TARGET_NAME)";
				SWIFT_EMIT_LOC_STRINGS = NO;
				SWIFT_VERSION = 5.0;
				TARGETED_DEVICE_FAMILY = "1,2";
				TEST_HOST = "$(BUILT_PRODUCTS_DIR)/CurrencyApp.app/$(BUNDLE_EXECUTABLE_FOLDER_PATH)/CurrencyApp";
			};
			name = Debug;
		};
		064E00172A2D240900A1F6F8 /* Release */ = {
			isa = XCBuildConfiguration;
			baseConfigurationReference = DD250C4E7411CF4E86F0DCCF /* Pods-CurrencyAppTests.release.xcconfig */;
			buildSettings = {
				ALWAYS_EMBED_SWIFT_STANDARD_LIBRARIES = YES;
				BUNDLE_LOADER = "$(TEST_HOST)";
				CODE_SIGN_STYLE = Automatic;
				CURRENT_PROJECT_VERSION = 1;
				DEVELOPMENT_TEAM = 3SALJU9F34;
				GENERATE_INFOPLIST_FILE = YES;
				IPHONEOS_DEPLOYMENT_TARGET = 16.2;
				MARKETING_VERSION = 1.0;
				PRODUCT_BUNDLE_IDENTIFIER = testPods.CurrencyAppTests;
				PRODUCT_NAME = "$(TARGET_NAME)";
				SWIFT_EMIT_LOC_STRINGS = NO;
				SWIFT_VERSION = 5.0;
				TARGETED_DEVICE_FAMILY = "1,2";
				TEST_HOST = "$(BUILT_PRODUCTS_DIR)/CurrencyApp.app/$(BUNDLE_EXECUTABLE_FOLDER_PATH)/CurrencyApp";
			};
			name = Release;
		};
		064E00192A2D240900A1F6F8 /* Debug */ = {
			isa = XCBuildConfiguration;
			baseConfigurationReference = 266CB669F36C0996C3D13B44 /* Pods-CurrencyApp-CurrencyAppUITests.debug.xcconfig */;
			buildSettings = {
				ALWAYS_EMBED_SWIFT_STANDARD_LIBRARIES = YES;
				CODE_SIGN_STYLE = Automatic;
				CURRENT_PROJECT_VERSION = 1;
				DEVELOPMENT_TEAM = 3SALJU9F34;
				GENERATE_INFOPLIST_FILE = YES;
				MARKETING_VERSION = 1.0;
				PRODUCT_BUNDLE_IDENTIFIER = testPods.CurrencyAppUITests;
				PRODUCT_NAME = "$(TARGET_NAME)";
				SWIFT_EMIT_LOC_STRINGS = NO;
				SWIFT_VERSION = 5.0;
				TARGETED_DEVICE_FAMILY = "1,2";
				TEST_TARGET_NAME = CurrencyApp;
			};
			name = Debug;
		};
		064E001A2A2D240900A1F6F8 /* Release */ = {
			isa = XCBuildConfiguration;
			baseConfigurationReference = 231C49F10894C4AFD00DADB8 /* Pods-CurrencyApp-CurrencyAppUITests.release.xcconfig */;
			buildSettings = {
				ALWAYS_EMBED_SWIFT_STANDARD_LIBRARIES = YES;
				CODE_SIGN_STYLE = Automatic;
				CURRENT_PROJECT_VERSION = 1;
				DEVELOPMENT_TEAM = 3SALJU9F34;
				GENERATE_INFOPLIST_FILE = YES;
				MARKETING_VERSION = 1.0;
				PRODUCT_BUNDLE_IDENTIFIER = testPods.CurrencyAppUITests;
				PRODUCT_NAME = "$(TARGET_NAME)";
				SWIFT_EMIT_LOC_STRINGS = NO;
				SWIFT_VERSION = 5.0;
				TARGETED_DEVICE_FAMILY = "1,2";
				TEST_TARGET_NAME = CurrencyApp;
			};
			name = Release;
		};
/* End XCBuildConfiguration section */

/* Begin XCConfigurationList section */
		064E00122A2D240900A1F6F8 /* Build configuration list for PBXNativeTarget "CurrencyApp" */ = {
			isa = XCConfigurationList;
			buildConfigurations = (
				064E00132A2D240900A1F6F8 /* Debug */,
				064E00142A2D240900A1F6F8 /* Release */,
			);
			defaultConfigurationIsVisible = 0;
			defaultConfigurationName = Release;
		};
		064E00152A2D240900A1F6F8 /* Build configuration list for PBXNativeTarget "CurrencyAppTests" */ = {
			isa = XCConfigurationList;
			buildConfigurations = (
				064E00162A2D240900A1F6F8 /* Debug */,
				064E00172A2D240900A1F6F8 /* Release */,
			);
			defaultConfigurationIsVisible = 0;
			defaultConfigurationName = Release;
		};
		064E00182A2D240900A1F6F8 /* Build configuration list for PBXNativeTarget "CurrencyAppUITests" */ = {
			isa = XCConfigurationList;
			buildConfigurations = (
				064E00192A2D240900A1F6F8 /* Debug */,
				064E001A2A2D240900A1F6F8 /* Release */,
			);
			defaultConfigurationIsVisible = 0;
			defaultConfigurationName = Release;
		};
		064EFFE32A2D240800A1F6F8 /* Build configuration list for PBXProject "CurrencyApp" */ = {
			isa = XCConfigurationList;
			buildConfigurations = (
				064E00102A2D240900A1F6F8 /* Debug */,
				064E00112A2D240900A1F6F8 /* Release */,
			);
			defaultConfigurationIsVisible = 0;
			defaultConfigurationName = Release;
		};
/* End XCConfigurationList section */
	};
	rootObject = 064EFFE02A2D240800A1F6F8 /* Project object */;
}
